
Microsoft Visual Studio Solution File, Format Version 12.00
# Visual Studio Version 17
VisualStudioVersion = 17.2.32505.173
MinimumVisualStudioVersion = 10.0.40219.1
Project("{FAE04EC0-301F-11D3-BF4B-00C04F79EFBC}") = "EjercicioNombreIng", "EjercicioNombreIng\EjercicioNombreIng.csproj", "{03401F8A-A6A4-4690-A9DE-8039ABB7C1AC}"
EndProject
Global
	GlobalSection(SolutionConfigurationPlatforms) = preSolution
		Debug|Any CPU = Debug|Any CPU
		Release|Any CPU = Release|Any CPU
	EndGlobalSection
	GlobalSection(ProjectConfigurationPlatforms) = postSolution
		{03401F8A-A6A4-4690-A9DE-8039ABB7C1AC}.Debug|Any CPU.ActiveCfg = Debug|Any CPU
		{03401F8A-A6A4-4690-A9DE-8039ABB7C1AC}.Debug|Any CPU.Build.0 = Debug|Any CPU
		{03401F8A-A6A4-4690-A9DE-8039ABB7C1AC}.Release|Any CPU.ActiveCfg = Release|Any CPU
		{03401F8A-A6A4-4690-A9DE-8039ABB7C1AC}.Release|Any CPU.Build.0 = Release|Any CPU
	EndGlobalSection
	GlobalSection(SolutionProperties) = preSolution
		HideSolutionNode = FALSE
	EndGlobalSection
	GlobalSection(ExtensibilityGlobals) = postSolution
		SolutionGuid = {84A5B8F5-BE27-4A9A-B6D2-7D25067EF119}
	EndGlobalSection
EndGlobal
